
Microsoft Visual Studio Solution File, Format Version 12.00
# Visual Studio Version 16
VisualStudioVersion = 16.0.29911.84
MinimumVisualStudioVersion = 10.0.40219.1
Project("{FAE04EC0-301F-11D3-BF4B-00C04F79EFBC}") = "GuessingGame", "GuessingGame\GuessingGame.csproj", "{C96B7A5F-DCF8-453A-AC50-04FFCD822AEC}"
EndProject
Global
	GlobalSection(SolutionConfigurationPlatforms) = preSolution
		Debug|Any CPU = Debug|Any CPU
		Release|Any CPU = Release|Any CPU
	EndGlobalSection
	GlobalSection(ProjectConfigurationPlatforms) = postSolution
		{C96B7A5F-DCF8-453A-AC50-04FFCD822AEC}.Debug|Any CPU.ActiveCfg = Debug|Any CPU
		{C96B7A5F-DCF8-453A-AC50-04FFCD822AEC}.Debug|Any CPU.Build.0 = Debug|Any CPU
		{C96B7A5F-DCF8-453A-AC50-04FFCD822AEC}.Release|Any CPU.ActiveCfg = Release|Any CPU
		{C96B7A5F-DCF8-453A-AC50-04FFCD822AEC}.Release|Any CPU.Build.0 = Release|Any CPU
	EndGlobalSection
	GlobalSection(SolutionProperties) = preSolution
		HideSolutionNode = FALSE
	EndGlobalSection
	GlobalSection(ExtensibilityGlobals) = postSolution
		SolutionGuid = {AA66AF02-60A9-4D68-A8F8-E3B988758F04}
	EndGlobalSection
EndGlobal
