
Microsoft Visual Studio Solution File, Format Version 12.00
# Visual Studio Version 16
VisualStudioVersion = 16.0.30011.22
MinimumVisualStudioVersion = 10.0.40219.1
Project("{FAE04EC0-301F-11D3-BF4B-00C04F79EFBC}") = "SnailRace", "SnailRace\SnailRace.csproj", "{28AEBD2E-1057-450A-BD8C-AF44957C2518}"
EndProject
Global
	GlobalSection(SolutionConfigurationPlatforms) = preSolution
		Debug|Any CPU = Debug|Any CPU
		Release|Any CPU = Release|Any CPU
	EndGlobalSection
	GlobalSection(ProjectConfigurationPlatforms) = postSolution
		{28AEBD2E-1057-450A-BD8C-AF44957C2518}.Debug|Any CPU.ActiveCfg = Debug|Any CPU
		{28AEBD2E-1057-450A-BD8C-AF44957C2518}.Debug|Any CPU.Build.0 = Debug|Any CPU
		{28AEBD2E-1057-450A-BD8C-AF44957C2518}.Release|Any CPU.ActiveCfg = Release|Any CPU
		{28AEBD2E-1057-450A-BD8C-AF44957C2518}.Release|Any CPU.Build.0 = Release|Any CPU
	EndGlobalSection
	GlobalSection(SolutionProperties) = preSolution
		HideSolutionNode = FALSE
	EndGlobalSection
	GlobalSection(ExtensibilityGlobals) = postSolution
		SolutionGuid = {82087815-66A6-4451-B599-139F43D89B3E}
	EndGlobalSection
EndGlobal
